# This file is automatically @generated by Cargo.
# It is not intended for manual editing.
version = 3

[[package]]
name = "todo"
version = "0.1.0"
dependencies = [
 "vibrance",
]

[[package]]
name = "vibrance"
version = "1.0.0"
source = "registry+https://github.com/rust-lang/crates.io-index"
checksum = "82088a0a16d91a83dc45a461584d8220fbbf81a650e9f313a95be37915ffc8ce"
